github.com/aws/aws-sdk-go-v2 v1.39.6 h1:2JrPCVgWJm7bm83BDwY5z8ietmeJUbh3O2ACnn+Xsqk=
github.com/aws/aws-sdk-go-v2 v1.39.6/go.mod h1:c9pm7VwuW0UPxAEYGyTmyurVcNrbF6Rt/wixFqDhcjE=
github.com/aws/aws-sdk-go-v2/aws/protocol/eventstream v1.6.10 h1:zAybnyUQXIZ5mok5Jqwlf58/TFE7uvd3IAsa1aF9cXs=
github.com/aws/aws-sdk-go-v2/aws/protocol/eventstream v1.6.10/go.mod h1:qqvMj6gHLR/EXWZw4ZbqlPbQUyenf4h82UQUlKc+l14=
github.com/aws/aws-sdk-go-v2/config v1.28.7 h1:GduUnoTXlhkgnxTD93g1nv4tVPILbdNQOzav+Wpg7AE=
github.com/aws/aws-sdk-go-v2/config v1.28.7/go.mod h1:vZGX6GVkIE8uECSUHB6MWAUsd4ZcG2Yq/dMa4refR3M=
github.com/aws/aws-sdk-go-v2/credentials v1.18.23 h1:IQILcxVgMO2BVLaJ2aAv21dKWvE1MduNrbvuK43XL2Q=
github.com/aws/aws-sdk-go-v2/credentials v1.18.23/go.mod h1:JRodHszhVdh5TPUknxDzJzrMiznG+M+FfR3WSWKgCI8=
github.com/aws/aws-sdk-go-v2/feature/ec2/imds v1.18.13 h1:T1brd5dR3/fzNFAQch/iBKeX07/ffu/cLu+q+RuzEWk=
github.com/aws/aws-sdk-go-v2/feature/ec2/imds v1.18.13/go.mod h1:Peg/GBAQ6JDt+RoBf4meB1wylmAipb7Kg2ZFakZTlwk=
github.com/aws/aws-sdk-go-v2/feature/s3/manager v1.17.44 h1:2zxMLXLedpB4K1ilbJFxtMKsVKaexOqDttOhc0QGm3Q=
github.com/aws/aws-sdk-go-v2/feature/s3/manager v1.17.44/go.mod h1:VuLHdqwjSvgftNC7yqPWyGVhEwPmJpeRi07gOgOfHF8=
github.com/aws/aws-sdk-go-v2/internal/configsources v1.4.13 h1:a+8/MLcWlIxo1lF9xaGt3J/u3yOZx+CdSveSNwjhD40=
github.com/aws/aws-sdk-go-v2/internal/configsources v1.4.13/go.mod h1:oGnKwIYZ4XttyU2JWxFrwvhF6YKiK/9/wmE3v3Iu9K8=
github.com/aws/aws-sdk-go-v2/internal/endpoints/v2 v2.7.13 h1:HBSI2kDkMdWz4ZM7FjwE7e/pWDEZ+nR95x8Ztet1ooY=
github.com/aws/aws-sdk-go-v2/internal/endpoints/v2 v2.7.13/go.mod h1:YE94ZoDArI7awZqJzBAZ3PDD2zSfuP7w6P2knOzIn8M=
github.com/aws/aws-sdk-go-v2/internal/ini v1.8.1 h1:VaRN3TlFdd6KxX1x3ILT5ynH6HvKgqdiXoTxAF4HQcQ=
github.com/aws/aws-sdk-go-v2/internal/ini v1.8.1/go.mod h1:FbtygfRFze9usAadmnGJNc8KsP346kEe+y2/oyhGAGc=
github.com/aws/aws-sdk-go-v2/internal/v4a v1.3.34 h1:ZNTqv4nIdE/DiBfUUfXcLZ/Spcuz+RjeziUtNJackkM=
github.com/aws/aws-sdk-go-v2/internal/v4a v1.3.34/go.mod h1:zf7Vcd1ViW7cPqYWEHLHJkS50X0JS2IKz9Cgaj6ugrs=
github.com/aws/aws-sdk-go-v2/service/internal/accept-encoding v1.13.3 h1:x2Ibm/Af8Fi+BH+Hsn9TXGdT+hKbDd5XOTZxTMxDk7o=
github.com/aws/aws-sdk-go-v2/service/internal/accept-encoding v1.13.3/go.mod h1:IW1jwyrQgMdhisceG8fQLmQIydcT/jWY21rFhzgaKwo=
github.com/aws/aws-sdk-go-v2/service/internal/checksum v1.7.0 h1:lguz0bmOoGzozP9XfRJR1QIayEYo+2vP/No3OfLF0pU=
github.com/aws/aws-sdk-go-v2/service/internal/checksum v1.7.0/go.mod h1:iu6FSzgt+M2/x3Dk8zhycdIcHjEFb36IS8HVUVFoMg0=
github.com/aws/aws-sdk-go-v2/service/internal/presigned-url v1.13.13 h1:kDqdFvMY4AtKoACfzIGD8A0+hbT41KTKF//gq7jITfM=
github.com/aws/aws-sdk-go-v2/service/internal/presigned-url v1.13.13/go.mod h1:lmKuogqSU3HzQCwZ9ZtcqOc5XGMqtDK7OIc2+DxiUEg=
github.com/aws/aws-sdk-go-v2/service/internal/s3shared v1.18.15 h1:moLQUoVq91LiqT1nbvzDukyqAlCv89ZmwaHw/ZFlFZg=
github.com/aws/aws-sdk-go-v2/service/internal/s3shared v1.18.15/go.mod h1:ZH34PJUc8ApjBIfgQCFvkWcUDBtl/WTD+uiYHjd8igA=
github.com/aws/aws-sdk-go-v2/service/s3 v1.74.1 h1:9LawY3cDJ3HE+v2GMd5SOkNLDwgN4K7TsCjyVBYu/L4=
github.com/aws/aws-sdk-go-v2/service/s3 v1.74.1/go.mod h1:hHnELVnIHltd8EOF3YzahVX6F6y2C6dNqpRj1IMkS5I=
github.com/aws/aws-sdk-go-v2/service/sso v1.30.2 h1:/p6MxkbQoCzaGQT3WO0JwG0FlQyG9RD8VmdmoKc5xqU=
github.com/aws/aws-sdk-go-v2/service/sso v1.30.2/go.mod h1:fKvyjJcz63iL/ftA6RaM8sRCtN4r4zl4tjL3qw5ec7k=
github.com/aws/aws-sdk-go-v2/service/ssooidc v1.35.6 h1:0dES42T2dhICCbVB3JSTTn7+Bz93wfJEK1b7jksZIyQ=
github.com/aws/aws-sdk-go-v2/service/ssooidc v1.35.6/go.mod h1:klO+ejMvYsB4QATfEOIXk8WAEwN4N0aBfJpvC+5SZBo=
github.com/aws/aws-sdk-go-v2/service/sts v1.40.1 h1:5sbIM57lHLaEaNWdIx23JH30LNBsSDkjN/QXGcRLAFc=
github.com/aws/aws-sdk-go-v2/service/sts v1.40.1/go.mod h1:E19xDjpzPZC7LS2knI9E6BaRFDK43Eul7vd6rSq2HWk=
github.com/aws/smithy-go v1.23.2 h1:Crv0eatJUQhaManss33hS5r40CG3ZFH+21XSkqMrIUM=
github.com/aws/smithy-go v1.23.2/go.mod h1:LEj2LM3rBRQJxPZTB4KuzZkaZYnZPnvgIhb4pu07mx0=
github.com/davecgh/go-spew v1.1.1 h1:vj9j/u1bqnvCEfJOwUhtlOARqs3+rkHYY13jYWTU97c=
github.com/davecgh/go-spew v1.1.1/go.mod h1:J7Y8YcW2NihsgmVo/mv3lAwl/skON4iLHjSsI+c5H38=
github.com/essentialkaos/check v1.4.1 h1:SuxXzrbokPGTPWxGRnzy0hXvtb44mtVrdNxgPa1s4c8=
github.com/essentialkaos/check v1.4.1/go.mod h1:xQOYwFvnxfVZyt5Qvjoa1SxcRqu5VyP77pgALr3iu+M=
github.com/essentialkaos/depsy v1.3.1 h1:00k9QcMsdPM4IzDaEFHsTHBD/zoM0oxtB5+dMUwbQa8=
github.com/essentialkaos/depsy v1.3.1/go.mod h1:B5+7Jhv2a2RacOAxIKU2OeJp9QfZjwIpEEPI5X7auWM=
github.com/essentialkaos/ek/v13 v13.36.0 h1:uV6A7TzQX+/te97gPmizdqTJb95AnAei9amXlEcwnmU=
github.com/essentialkaos/ek/v13 v13.36.0/go.mod h1:Ofa/zFc7kYG8QbKv8/JjiVaxcmp0WYjqSevOtE8vczk=
github.com/essentialkaos/katana v0.4.3 h1:CHsSOkSHCkhYe0fUBxfrdDL0dncsI3W0LUKvb+3Dw9U=
github.com/essentialkaos/katana v0.4.3/go.mod h1:fyDlg58mWC+jElBVUEzge4We3XuqOXRcME+VPNq+zP8=
github.com/essentialkaos/sio v1.2.1 h1:ZyHUwxlWFOFVu06arP4OabywIbze49OVvTX8mpEioV0=
github.com/essentialkaos/sio v1.2.1/go.mod h1:IpMI5n1WNCchZBTOd5EE2NpLLKkd2yc18kCJX6Mc+A4=
github.com/essentialkaos/updown v0.1.1 h1:E8oyo4jEQgmQj23BPeUiq4LaezF0TwLK9nffv8Xpxuk=
github.com/essentialkaos/updown v0.1.1/go.mod h1:2FKkJcv3WwI1vObkrJkQ5AvO+N6geE+26r9hXLySSQ0=
github.com/kr/fs v0.1.0 h1:Jskdu9ieNAYnjxsi0LbQp1ulIKZV1LAFgK1tWhpZgl8=
github.com/kr/fs v0.1.0/go.mod h1:FFnZGqtBN9Gxj7eW1uZ42v5BccTP0vu6NEaFoC2HwRg=
github.com/kr/pretty v0.3.1 h1:flRD4NNwYAUpkphVc1HcthR4KEIFJ65n8Mw5qdRn3LE=
github.com/kr/pretty v0.3.1/go.mod h1:hoEshYVHaxMs3cyo3Yncou5ZscifuDolrwPKZanG3xk=
github.com/kr/text v0.2.0 h1:5Nx0Ya0ZqY2ygV366QzturHI13Jq95ApcVaJBhpS+AY=
github.com/kr/text v0.2.0/go.mod h1:eLer722TekiGuMkidMxC/pM04lWEeraHUUmBw8l2grE=
github.com/pkg/sftp v1.13.10 h1:+5FbKNTe5Z9aspU88DPIKJ9z2KZoaGCu6Sr6kKR/5mU=
github.com/pkg/sftp v1.13.10/go.mod h1:bJ1a7uDhrX/4OII+agvy28lzRvQrmIQuaHrcI1HbeGA=
github.com/pmezard/go-difflib v1.0.0 h1:4DBwDE0NGyQoBHbLQYPwSUPoCMWR5BEzIk/f1lZbAQM=
github.com/pmezard/go-difflib v1.0.0/go.mod h1:iKH77koFhYxTK1pcRnkKkqfTogsbg7gZNVY4sRDYZ/4=
github.com/prashantv/gostub v1.1.0 h1:BTyx3RfQjRHnUWaGF9oQos79AlQ5k8WNktv7VGvVH4g=
github.com/prashantv/gostub v1.1.0/go.mod h1:A5zLQHz7ieHGG7is6LLXLz7I8+3LZzsrV0P1IAHhP5U=
github.com/rogpeppe/go-internal v1.14.1 h1:UQB4HGPB6osV0SQTLymcB4TgvyWu6ZyliaW0tI/otEQ=
github.com/rogpeppe/go-internal v1.14.1/go.mod h1:MaRKkUm5W0goXpeCfT7UZI6fk/L7L7so1lCWt35ZSgc=
github.com/stretchr/testify v1.10.0 h1:Xv5erBjTwe/5IxqUQTdXv5kgmIvbHo3QQyRwhJsOfJA=
github.com/stretchr/testify v1.10.0/go.mod h1:r2ic/lqez/lEtzL7wO/rwa5dbSLXVDPFyf8C91i36aY=
go.uber.org/automaxprocs v1.6.0 h1:O3y2/QNTOdbF+e/dpXNNW7Rx2hZ4sTIPyybbxyNqTUs=
go.uber.org/automaxprocs v1.6.0/go.mod h1:ifeIMSnPZuznNm6jmdzmU3/bfk01Fe2fotchwEFJ8r8=
golang.org/x/crypto v0.44.0 h1:A97SsFvM3AIwEEmTBiaxPPTYpDC47w720rdiiUvgoAU=
golang.org/x/crypto v0.44.0/go.mod h1:013i+Nw79BMiQiMsOPcVCB5ZIJbYkerPrGnOa00tvmc=
golang.org/x/sys v0.38.0 h1:3yZWxaJjBmCWXqhN1qh02AkOnCQ1poK6oF+a7xWL6Gc=
golang.org/x/sys v0.38.0/go.mod h1:OgkHotnGiDImocRcuBABYBEXf8A9a87e/uXjp9XT3ks=
golang.org/x/term v0.37.0 h1:8EGAD0qCmHYZg6J17DvsMy9/wJ7/D/4pV/wfnld5lTU=
golang.org/x/term v0.37.0/go.mod h1:5pB4lxRNYYVZuTLmy8oR2BH8dflOR+IbTYFD8fi3254=
gopkg.in/yaml.v3 v3.0.1 h1:fxVm/GzAzEWqLHuvctI91KS9hhNmmWOoWu0XTYJS7CA=
gopkg.in/yaml.v3 v3.0.1/go.mod h1:K4uyk7z7BCEPqu6E+C64Yfv1cQ7kz7rIZviUmN+EgEM=
